
Microsoft Visual Studio Solution File, Format Version 12.00
# Visual Studio Version 17
VisualStudioVersion = 17.12.35527.113
MinimumVisualStudioVersion = 10.0.40219.1
Project("{FAE04EC0-301F-11D3-BF4B-00C04F79EFBC}") = "IssueManager.WebAPI", "IssueManager.WebAPI\IssueManager.WebAPI.csproj", "{86799B3E-00CF-4DEA-9119-824CE19789A2}"
	ProjectSection(ProjectDependencies) = postProject
		{3563A1DC-DF67-4AA7-BF4A-47147D9C0671} = {3563A1DC-DF67-4AA7-BF4A-47147D9C0671}
	EndProjectSection
EndProject
Project("{FAE04EC0-301F-11D3-BF4B-00C04F79EFBC}") = "IssueManager.BLL", "IssueManager.BLL\IssueManager.BLL.csproj", "{3563A1DC-DF67-4AA7-BF4A-47147D9C0671}"
	ProjectSection(ProjectDependencies) = postProject
		{D31C5DEF-E808-4A88-8616-03C95E0376B3} = {D31C5DEF-E808-4A88-8616-03C95E0376B3}
	EndProjectSection
EndProject
Project("{FAE04EC0-301F-11D3-BF4B-00C04F79EFBC}") = "IssueManager.ConsoleApp", "IssueManager.ConsoleApp\IssueManager.ConsoleApp.csproj", "{D31C5DEF-E808-4A88-8616-03C95E0376B3}"
EndProject
Global
	GlobalSection(SolutionConfigurationPlatforms) = preSolution
		Debug|Any CPU = Debug|Any CPU
		Release|Any CPU = Release|Any CPU
	EndGlobalSection
	GlobalSection(ProjectConfigurationPlatforms) = postSolution
		{86799B3E-00CF-4DEA-9119-824CE19789A2}.Debug|Any CPU.ActiveCfg = Debug|Any CPU
		{86799B3E-00CF-4DEA-9119-824CE19789A2}.Debug|Any CPU.Build.0 = Debug|Any CPU
		{86799B3E-00CF-4DEA-9119-824CE19789A2}.Release|Any CPU.ActiveCfg = Release|Any CPU
		{86799B3E-00CF-4DEA-9119-824CE19789A2}.Release|Any CPU.Build.0 = Release|Any CPU
		{3563A1DC-DF67-4AA7-BF4A-47147D9C0671}.Debug|Any CPU.ActiveCfg = Debug|Any CPU
		{3563A1DC-DF67-4AA7-BF4A-47147D9C0671}.Debug|Any CPU.Build.0 = Debug|Any CPU
		{3563A1DC-DF67-4AA7-BF4A-47147D9C0671}.Release|Any CPU.ActiveCfg = Release|Any CPU
		{3563A1DC-DF67-4AA7-BF4A-47147D9C0671}.Release|Any CPU.Build.0 = Release|Any CPU
		{D31C5DEF-E808-4A88-8616-03C95E0376B3}.Debug|Any CPU.ActiveCfg = Debug|Any CPU
		{D31C5DEF-E808-4A88-8616-03C95E0376B3}.Debug|Any CPU.Build.0 = Debug|Any CPU
		{D31C5DEF-E808-4A88-8616-03C95E0376B3}.Release|Any CPU.ActiveCfg = Release|Any CPU
		{D31C5DEF-E808-4A88-8616-03C95E0376B3}.Release|Any CPU.Build.0 = Release|Any CPU
	EndGlobalSection
	GlobalSection(SolutionProperties) = preSolution
		HideSolutionNode = FALSE
	EndGlobalSection
EndGlobal
